
Microsoft Visual Studio Solution File, Format Version 12.00
# Visual Studio 2013
VisualStudioVersion = 12.0.30501.0
MinimumVisualStudioVersion = 10.0.40219.1
Project("{FAE04EC0-301F-11D3-BF4B-00C04F79EFBC}") = "MiLib", "MiLib\MiLib.csproj", "{8DDAA46C-BF72-4B76-8F83-68F57BCC93E6}"
EndProject
Project("{FAE04EC0-301F-11D3-BF4B-00C04F79EFBC}") = "MiLibDemo", "MiLibDemo\MiLibDemo\MiLibDemo.csproj", "{CFB6DDB9-4982-4307-A063-2E6E0C138B19}"
EndProject
Project("{96E2B04D-8817-42C6-938A-82C39BA4D311}") = "MiLibDemoContent", "MiLibDemo\MiLibDemoContent\MiLibDemoContent.contentproj", "{B7BBD01E-61DA-475E-AB94-C4BD9A107282}"
EndProject
Global
	GlobalSection(SolutionConfigurationPlatforms) = preSolution
		Debug|Any CPU = Debug|Any CPU
		Debug|Mixed Platforms = Debug|Mixed Platforms
		Debug|x86 = Debug|x86
		Release|Any CPU = Release|Any CPU
		Release|Mixed Platforms = Release|Mixed Platforms
		Release|x86 = Release|x86
	EndGlobalSection
	GlobalSection(ProjectConfigurationPlatforms) = postSolution
		{8DDAA46C-BF72-4B76-8F83-68F57BCC93E6}.Debug|Any CPU.ActiveCfg = Debug|Any CPU
		{8DDAA46C-BF72-4B76-8F83-68F57BCC93E6}.Debug|Any CPU.Build.0 = Debug|Any CPU
		{8DDAA46C-BF72-4B76-8F83-68F57BCC93E6}.Debug|Mixed Platforms.ActiveCfg = Debug|Any CPU
		{8DDAA46C-BF72-4B76-8F83-68F57BCC93E6}.Debug|Mixed Platforms.Build.0 = Debug|Any CPU
		{8DDAA46C-BF72-4B76-8F83-68F57BCC93E6}.Debug|x86.ActiveCfg = Debug|Any CPU
		{8DDAA46C-BF72-4B76-8F83-68F57BCC93E6}.Release|Any CPU.ActiveCfg = Release|Any CPU
		{8DDAA46C-BF72-4B76-8F83-68F57BCC93E6}.Release|Any CPU.Build.0 = Release|Any CPU
		{8DDAA46C-BF72-4B76-8F83-68F57BCC93E6}.Release|Mixed Platforms.ActiveCfg = Release|Any CPU
		{8DDAA46C-BF72-4B76-8F83-68F57BCC93E6}.Release|Mixed Platforms.Build.0 = Release|Any CPU
		{8DDAA46C-BF72-4B76-8F83-68F57BCC93E6}.Release|x86.ActiveCfg = Release|Any CPU
		{CFB6DDB9-4982-4307-A063-2E6E0C138B19}.Debug|Any CPU.ActiveCfg = Debug|x86
		{CFB6DDB9-4982-4307-A063-2E6E0C138B19}.Debug|Mixed Platforms.ActiveCfg = Debug|x86
		{CFB6DDB9-4982-4307-A063-2E6E0C138B19}.Debug|Mixed Platforms.Build.0 = Debug|x86
		{CFB6DDB9-4982-4307-A063-2E6E0C138B19}.Debug|x86.ActiveCfg = Debug|x86
		{CFB6DDB9-4982-4307-A063-2E6E0C138B19}.Debug|x86.Build.0 = Debug|x86
		{CFB6DDB9-4982-4307-A063-2E6E0C138B19}.Release|Any CPU.ActiveCfg = Release|x86
		{CFB6DDB9-4982-4307-A063-2E6E0C138B19}.Release|Mixed Platforms.ActiveCfg = Release|x86
		{CFB6DDB9-4982-4307-A063-2E6E0C138B19}.Release|Mixed Platforms.Build.0 = Release|x86
		{CFB6DDB9-4982-4307-A063-2E6E0C138B19}.Release|x86.ActiveCfg = Release|x86
		{CFB6DDB9-4982-4307-A063-2E6E0C138B19}.Release|x86.Build.0 = Release|x86
		{B7BBD01E-61DA-475E-AB94-C4BD9A107282}.Debug|Any CPU.ActiveCfg = Debug|x86
		{B7BBD01E-61DA-475E-AB94-C4BD9A107282}.Debug|Mixed Platforms.ActiveCfg = Debug|x86
		{B7BBD01E-61DA-475E-AB94-C4BD9A107282}.Debug|x86.ActiveCfg = Debug|x86
		{B7BBD01E-61DA-475E-AB94-C4BD9A107282}.Release|Any CPU.ActiveCfg = Release|x86
		{B7BBD01E-61DA-475E-AB94-C4BD9A107282}.Release|Mixed Platforms.ActiveCfg = Release|x86
		{B7BBD01E-61DA-475E-AB94-C4BD9A107282}.Release|x86.ActiveCfg = Release|x86
	EndGlobalSection
	GlobalSection(SolutionProperties) = preSolution
		HideSolutionNode = FALSE
	EndGlobalSection
EndGlobal
